{
  "object": {
    "pins": [
      {
        "package": "PureduxSideEffects",
        "repositoryURL": "https://github.com/KazaiMazai/PureduxSideEffects.git",
        "state": {
          "branch": "dev",
          "revision": "14af73aca18755a906b3cda89a54d9353ca587e5",
          "version": null
        }
      },
      {
        "package": "PureduxStore",
        "repositoryURL": "https://github.com/KazaiMazai/PureduxStore.git",
        "state": {
          "branch": "dev",
          "revision": "18ecd2f6c7ed0801be2c65e33842afe02ea7f6e3",
          "version": null
        }
      }
    ]
  },
  "version": 1
}
